// !$*UTF8*$!
{
	archiveVersion = 1;
	classes = {
	};
	objectVersion = 46;
	objects = {

/* Begin PBXBuildFile section */
		694BF38F1886232D00243D51 /* MessageBox.m in Sources */ = {isa = PBXBuildFile; fileRef = 694BF38E1886232D00243D51 /* MessageBox.m */; };
		694BF3C71886376700243D51 /* Security.framework in Frameworks */ = {isa = PBXBuildFile; fileRef = 694BF3C61886376700243D51 /* Security.framework */; };
		694BF3C91886377E00243D51 /* libiconv.dylib in Frameworks */ = {isa = PBXBuildFile; fileRef = 694BF3C81886377E00243D51 /* libiconv.dylib */; };
		694BF3CB1886378C00243D51 /* SystemConfiguration.framework in Frameworks */ = {isa = PBXBuildFile; fileRef = 694BF3CA1886378C00243D51 /* SystemConfiguration.framework */; };
		694BF3CD1886379900243D51 /* libsqlite3.dylib in Frameworks */ = {isa = PBXBuildFile; fileRef = 694BF3CC1886379900243D51 /* libsqlite3.dylib */; };
		694BF3CF188637A400243D51 /* CoreTelephony.framework in Frameworks */ = {isa = PBXBuildFile; fileRef = 694BF3CE188637A400243D51 /* CoreTelephony.framework */; };
		694BF3D1188637AF00243D51 /* libstdc++.dylib in Frameworks */ = {isa = PBXBuildFile; fileRef = 694BF3D0188637AF00243D51 /* libstdc++.dylib */; };
		694BF3D3188637BB00243D51 /* libz.dylib in Frameworks */ = {isa = PBXBuildFile; fileRef = 694BF3D2188637BB00243D51 /* libz.dylib */; };
		6966BB1018869311007B5DE0 /* FavoriteNewsVC.m in Sources */ = {isa = PBXBuildFile; fileRef = 6966BB0E18869311007B5DE0 /* FavoriteNewsVC.m */; };
		6966BB1118869311007B5DE0 /* FavoriteNewsVC.xib in Resources */ = {isa = PBXBuildFile; fileRef = 6966BB0F18869311007B5DE0 /* FavoriteNewsVC.xib */; };
		697434CC18686DAC00A6A49A /* UIScreen+Size.m in Sources */ = {isa = PBXBuildFile; fileRef = 697434CB18686DAC00A6A49A /* UIScreen+Size.m */; };
		6980EFBF1866CCB4002AEFF6 /* NewsGroupListHeaderView.m in Sources */ = {isa = PBXBuildFile; fileRef = 6980EFBE1866CCB4002AEFF6 /* NewsGroupListHeaderView.m */; };
		698B0F37186553AE0090C719 /* Foundation.framework in Frameworks */ = {isa = PBXBuildFile; fileRef = 698B0F36186553AE0090C719 /* Foundation.framework */; };
		698B0F39186553AE0090C719 /* CoreGraphics.framework in Frameworks */ = {isa = PBXBuildFile; fileRef = 698B0F38186553AE0090C719 /* CoreGraphics.framework */; };
		698B0F3B186553AE0090C719 /* UIKit.framework in Frameworks */ = {isa = PBXBuildFile; fileRef = 698B0F3A186553AE0090C719 /* UIKit.framework */; };
		698B0F41186553AE0090C719 /* InfoPlist.strings in Resources */ = {isa = PBXBuildFile; fileRef = 698B0F3F186553AE0090C719 /* InfoPlist.strings */; };
		698B0F43186553AE0090C719 /* main.m in Sources */ = {isa = PBXBuildFile; fileRef = 698B0F42186553AE0090C719 /* main.m */; };
		698B0F4F186553AE0090C719 /* Images.xcassets in Resources */ = {isa = PBXBuildFile; fileRef = 698B0F4E186553AE0090C719 /* Images.xcassets */; };
		698B0F56186553AE0090C719 /* XCTest.framework in Frameworks */ = {isa = PBXBuildFile; fileRef = 698B0F55186553AE0090C719 /* XCTest.framework */; };
		698B0F57186553AE0090C719 /* Foundation.framework in Frameworks */ = {isa = PBXBuildFile; fileRef = 698B0F36186553AE0090C719 /* Foundation.framework */; };
		698B0F58186553AE0090C719 /* UIKit.framework in Frameworks */ = {isa = PBXBuildFile; fileRef = 698B0F3A186553AE0090C719 /* UIKit.framework */; };
		698B0F9E186555110090C719 /* NetAPI.m in Sources */ = {isa = PBXBuildFile; fileRef = 698B0F9D186555110090C719 /* NetAPI.m */; };
		698B0FA3186555200090C719 /* News.m in Sources */ = {isa = PBXBuildFile; fileRef = 698B0FA0186555200090C719 /* News.m */; };
		698B0FAF186555420090C719 /* AppDelegate.m in Sources */ = {isa = PBXBuildFile; fileRef = 698B0FAE186555420090C719 /* AppDelegate.m */; };
		698B0FB5186555FC0090C719 /* Config.m in Sources */ = {isa = PBXBuildFile; fileRef = 698B0FB4186555FC0090C719 /* Config.m */; };
		698C6FC8188E26F600935D60 /* HaveReadNews.m in Sources */ = {isa = PBXBuildFile; fileRef = 698C6FC7188E26F600935D60 /* HaveReadNews.m */; };
		69A70E6F1887D422006D05FA /* DocTypeDetector.m in Sources */ = {isa = PBXBuildFile; fileRef = 69A70E6E1887D422006D05FA /* DocTypeDetector.m */; };
		69A70E731887DFE5006D05FA /* DocViewerVC.m in Sources */ = {isa = PBXBuildFile; fileRef = 69A70E711887DFE5006D05FA /* DocViewerVC.m */; };
		69A70E741887DFE5006D05FA /* DocViewerVC.xib in Resources */ = {isa = PBXBuildFile; fileRef = 69A70E721887DFE5006D05FA /* DocViewerVC.xib */; };
		69B5FC8118861E560048C06A /* UIColor+HexString.m in Sources */ = {isa = PBXBuildFile; fileRef = 69B5FC8018861E560048C06A /* UIColor+HexString.m */; };
		69CDAEE11884E9CA00B65984 /* NewsContentVC.m in Sources */ = {isa = PBXBuildFile; fileRef = 69CDAEDF1884E9CA00B65984 /* NewsContentVC.m */; };
		69CDAEE21884E9CA00B65984 /* NewsContentVC.xib in Resources */ = {isa = PBXBuildFile; fileRef = 69CDAEE01884E9CA00B65984 /* NewsContentVC.xib */; };
		CD81FA481946AE81001BE0C2 /* TMCache.m in Sources */ = {isa = PBXBuildFile; fileRef = CD81FA431946AE81001BE0C2 /* TMCache.m */; };
		CD81FA491946AE81001BE0C2 /* TMDiskCache.m in Sources */ = {isa = PBXBuildFile; fileRef = CD81FA451946AE81001BE0C2 /* TMDiskCache.m */; };
		CD81FA4A1946AE81001BE0C2 /* TMMemoryCache.m in Sources */ = {isa = PBXBuildFile; fileRef = CD81FA471946AE81001BE0C2 /* TMMemoryCache.m */; };
		CD81FA4D1946B55D001BE0C2 /* NewsGroup.m in Sources */ = {isa = PBXBuildFile; fileRef = CD81FA4C1946B55D001BE0C2 /* NewsGroup.m */; };
		CD81FA501946B56D001BE0C2 /* NewsProvider.m in Sources */ = {isa = PBXBuildFile; fileRef = CD81FA4F1946B56D001BE0C2 /* NewsProvider.m */; };
		CD8887961946E4F0001BAB1A /* NewsGroupListViewController.m in Sources */ = {isa = PBXBuildFile; fileRef = CD8887951946E4F0001BAB1A /* NewsGroupListViewController.m */; };
/* End PBXBuildFile section */

/* Begin PBXContainerItemProxy section */
		698B0F59186553AE0090C719 /* PBXContainerItemProxy */ = {
			isa = PBXContainerItemProxy;
			containerPortal = 698B0F2B186553AD0090C719 /* Project object */;
			proxyType = 1;
			remoteGlobalIDString = 698B0F32186553AE0090C719;
			remoteInfo = GZRSKS;
		};
/* End PBXContainerItemProxy section */

/* Begin PBXFileReference section */
		694BF38D1886232D00243D51 /* MessageBox.h */ = {isa = PBXFileReference; fileEncoding = 4; lastKnownFileType = sourcecode.c.h; path = MessageBox.h; sourceTree = "<group>"; };
		694BF38E1886232D00243D51 /* MessageBox.m */ = {isa = PBXFileReference; fileEncoding = 4; lastKnownFileType = sourcecode.c.objc; path = MessageBox.m; sourceTree = "<group>"; };
		694BF3C61886376700243D51 /* Security.framework */ = {isa = PBXFileReference; lastKnownFileType = wrapper.framework; name = Security.framework; path = System/Library/Frameworks/Security.framework; sourceTree = SDKROOT; };
		694BF3C81886377E00243D51 /* libiconv.dylib */ = {isa = PBXFileReference; lastKnownFileType = "compiled.mach-o.dylib"; name = libiconv.dylib; path = usr/lib/libiconv.dylib; sourceTree = SDKROOT; };
		694BF3CA1886378C00243D51 /* SystemConfiguration.framework */ = {isa = PBXFileReference; lastKnownFileType = wrapper.framework; name = SystemConfiguration.framework; path = System/Library/Frameworks/SystemConfiguration.framework; sourceTree = SDKROOT; };
		694BF3CC1886379900243D51 /* libsqlite3.dylib */ = {isa = PBXFileReference; lastKnownFileType = "compiled.mach-o.dylib"; name = libsqlite3.dylib; path = usr/lib/libsqlite3.dylib; sourceTree = SDKROOT; };
		694BF3CE188637A400243D51 /* CoreTelephony.framework */ = {isa = PBXFileReference; lastKnownFileType = wrapper.framework; name = CoreTelephony.framework; path = System/Library/Frameworks/CoreTelephony.framework; sourceTree = SDKROOT; };
		694BF3D0188637AF00243D51 /* libstdc++.dylib */ = {isa = PBXFileReference; lastKnownFileType = "compiled.mach-o.dylib"; name = "libstdc++.dylib"; path = "usr/lib/libstdc++.dylib"; sourceTree = SDKROOT; };
		694BF3D2188637BB00243D51 /* libz.dylib */ = {isa = PBXFileReference; lastKnownFileType = "compiled.mach-o.dylib"; name = libz.dylib; path = usr/lib/libz.dylib; sourceTree = SDKROOT; };
		6966BB0D18869311007B5DE0 /* FavoriteNewsVC.h */ = {isa = PBXFileReference; fileEncoding = 4; lastKnownFileType = sourcecode.c.h; path = FavoriteNewsVC.h; sourceTree = "<group>"; };
		6966BB0E18869311007B5DE0 /* FavoriteNewsVC.m */ = {isa = PBXFileReference; fileEncoding = 4; lastKnownFileType = sourcecode.c.objc; path = FavoriteNewsVC.m; sourceTree = "<group>"; };
		6966BB0F18869311007B5DE0 /* FavoriteNewsVC.xib */ = {isa = PBXFileReference; fileEncoding = 4; lastKnownFileType = file.xib; path = FavoriteNewsVC.xib; sourceTree = "<group>"; };
		697434CA18686DAC00A6A49A /* UIScreen+Size.h */ = {isa = PBXFileReference; fileEncoding = 4; lastKnownFileType = sourcecode.c.h; path = "UIScreen+Size.h"; sourceTree = "<group>"; };
		697434CB18686DAC00A6A49A /* UIScreen+Size.m */ = {isa = PBXFileReference; fileEncoding = 4; lastKnownFileType = sourcecode.c.objc; path = "UIScreen+Size.m"; sourceTree = "<group>"; };
		6980EFBD1866CCB4002AEFF6 /* NewsGroupListHeaderView.h */ = {isa = PBXFileReference; fileEncoding = 4; lastKnownFileType = sourcecode.c.h; path = NewsGroupListHeaderView.h; sourceTree = "<group>"; };
		6980EFBE1866CCB4002AEFF6 /* NewsGroupListHeaderView.m */ = {isa = PBXFileReference; fileEncoding = 4; lastKnownFileType = sourcecode.c.objc; path = NewsGroupListHeaderView.m; sourceTree = "<group>"; };
		698B0F33186553AE0090C719 /* 贵州人事考试.app */ = {isa = PBXFileReference; explicitFileType = wrapper.application; includeInIndex = 0; path = "贵州人事考试.app"; sourceTree = BUILT_PRODUCTS_DIR; };
		698B0F36186553AE0090C719 /* Foundation.framework */ = {isa = PBXFileReference; lastKnownFileType = wrapper.framework; name = Foundation.framework; path = System/Library/Frameworks/Foundation.framework; sourceTree = SDKROOT; };
		698B0F38186553AE0090C719 /* CoreGraphics.framework */ = {isa = PBXFileReference; lastKnownFileType = wrapper.framework; name = CoreGraphics.framework; path = System/Library/Frameworks/CoreGraphics.framework; sourceTree = SDKROOT; };
		698B0F3A186553AE0090C719 /* UIKit.framework */ = {isa = PBXFileReference; lastKnownFileType = wrapper.framework; name = UIKit.framework; path = System/Library/Frameworks/UIKit.framework; sourceTree = SDKROOT; };
		698B0F3E186553AE0090C719 /* GZRSKS-Info.plist */ = {isa = PBXFileReference; lastKnownFileType = text.plist.xml; path = "GZRSKS-Info.plist"; sourceTree = "<group>"; };
		698B0F40186553AE0090C719 /* en */ = {isa = PBXFileReference; lastKnownFileType = text.plist.strings; name = en; path = en.lproj/InfoPlist.strings; sourceTree = "<group>"; };
		698B0F42186553AE0090C719 /* main.m */ = {isa = PBXFileReference; lastKnownFileType = sourcecode.c.objc; path = main.m; sourceTree = "<group>"; };
		698B0F44186553AE0090C719 /* GZRSKS-Prefix.pch */ = {isa = PBXFileReference; lastKnownFileType = sourcecode.c.h; path = "GZRSKS-Prefix.pch"; sourceTree = "<group>"; };
		698B0F4E186553AE0090C719 /* Images.xcassets */ = {isa = PBXFileReference; lastKnownFileType = folder.assetcatalog; path = Images.xcassets; sourceTree = "<group>"; };
		698B0F54186553AE0090C719 /* GZRSKSTests.xctest */ = {isa = PBXFileReference; explicitFileType = wrapper.cfbundle; includeInIndex = 0; path = GZRSKSTests.xctest; sourceTree = BUILT_PRODUCTS_DIR; };
		698B0F55186553AE0090C719 /* XCTest.framework */ = {isa = PBXFileReference; lastKnownFileType = wrapper.framework; name = XCTest.framework; path = Library/Frameworks/XCTest.framework; sourceTree = DEVELOPER_DIR; };
		698B0F9C186555110090C719 /* NetAPI.h */ = {isa = PBXFileReference; fileEncoding = 4; lastKnownFileType = sourcecode.c.h; path = NetAPI.h; sourceTree = "<group>"; };
		698B0F9D186555110090C719 /* NetAPI.m */ = {isa = PBXFileReference; fileEncoding = 4; lastKnownFileType = sourcecode.c.objc; path = NetAPI.m; sourceTree = "<group>"; };
		698B0F9F186555200090C719 /* News.h */ = {isa = PBXFileReference; fileEncoding = 4; lastKnownFileType = sourcecode.c.h; path = News.h; sourceTree = "<group>"; };
		698B0FA0186555200090C719 /* News.m */ = {isa = PBXFileReference; fileEncoding = 4; lastKnownFileType = sourcecode.c.objc; path = News.m; sourceTree = "<group>"; };
		698B0FAD186555420090C719 /* AppDelegate.h */ = {isa = PBXFileReference; fileEncoding = 4; lastKnownFileType = sourcecode.c.h; path = AppDelegate.h; sourceTree = "<group>"; };
		698B0FAE186555420090C719 /* AppDelegate.m */ = {isa = PBXFileReference; fileEncoding = 4; lastKnownFileType = sourcecode.c.objc; path = AppDelegate.m; sourceTree = "<group>"; };
		698B0FB3186555FC0090C719 /* Config.h */ = {isa = PBXFileReference; fileEncoding = 4; lastKnownFileType = sourcecode.c.h; path = Config.h; sourceTree = "<group>"; };
		698B0FB4186555FC0090C719 /* Config.m */ = {isa = PBXFileReference; fileEncoding = 4; lastKnownFileType = sourcecode.c.objc; path = Config.m; sourceTree = "<group>"; };
		698C6FC6188E26F600935D60 /* HaveReadNews.h */ = {isa = PBXFileReference; fileEncoding = 4; lastKnownFileType = sourcecode.c.h; path = HaveReadNews.h; sourceTree = "<group>"; };
		698C6FC7188E26F600935D60 /* HaveReadNews.m */ = {isa = PBXFileReference; fileEncoding = 4; lastKnownFileType = sourcecode.c.objc; path = HaveReadNews.m; sourceTree = "<group>"; };
		69A70E6D1887D422006D05FA /* DocTypeDetector.h */ = {isa = PBXFileReference; fileEncoding = 4; lastKnownFileType = sourcecode.c.h; path = DocTypeDetector.h; sourceTree = "<group>"; };
		69A70E6E1887D422006D05FA /* DocTypeDetector.m */ = {isa = PBXFileReference; fileEncoding = 4; lastKnownFileType = sourcecode.c.objc; path = DocTypeDetector.m; sourceTree = "<group>"; };
		69A70E701887DFE5006D05FA /* DocViewerVC.h */ = {isa = PBXFileReference; fileEncoding = 4; lastKnownFileType = sourcecode.c.h; path = DocViewerVC.h; sourceTree = "<group>"; };
		69A70E711887DFE5006D05FA /* DocViewerVC.m */ = {isa = PBXFileReference; fileEncoding = 4; lastKnownFileType = sourcecode.c.objc; path = DocViewerVC.m; sourceTree = "<group>"; };
		69A70E721887DFE5006D05FA /* DocViewerVC.xib */ = {isa = PBXFileReference; fileEncoding = 4; lastKnownFileType = file.xib; path = DocViewerVC.xib; sourceTree = "<group>"; };
		69B5FC7F18861E560048C06A /* UIColor+HexString.h */ = {isa = PBXFileReference; fileEncoding = 4; lastKnownFileType = sourcecode.c.h; path = "UIColor+HexString.h"; sourceTree = "<group>"; };
		69B5FC8018861E560048C06A /* UIColor+HexString.m */ = {isa = PBXFileReference; fileEncoding = 4; lastKnownFileType = sourcecode.c.objc; path = "UIColor+HexString.m"; sourceTree = "<group>"; };
		69CDAEDE1884E9CA00B65984 /* NewsContentVC.h */ = {isa = PBXFileReference; fileEncoding = 4; lastKnownFileType = sourcecode.c.h; path = NewsContentVC.h; sourceTree = "<group>"; };
		69CDAEDF1884E9CA00B65984 /* NewsContentVC.m */ = {isa = PBXFileReference; fileEncoding = 4; lastKnownFileType = sourcecode.c.objc; path = NewsContentVC.m; sourceTree = "<group>"; };
		69CDAEE01884E9CA00B65984 /* NewsContentVC.xib */ = {isa = PBXFileReference; fileEncoding = 4; lastKnownFileType = file.xib; path = NewsContentVC.xib; sourceTree = "<group>"; };
		CD81FA421946AE81001BE0C2 /* TMCache.h */ = {isa = PBXFileReference; fileEncoding = 4; lastKnownFileType = sourcecode.c.h; path = TMCache.h; sourceTree = "<group>"; };
		CD81FA431946AE81001BE0C2 /* TMCache.m */ = {isa = PBXFileReference; fileEncoding = 4; lastKnownFileType = sourcecode.c.objc; path = TMCache.m; sourceTree = "<group>"; };
		CD81FA441946AE81001BE0C2 /* TMDiskCache.h */ = {isa = PBXFileReference; fileEncoding = 4; lastKnownFileType = sourcecode.c.h; path = TMDiskCache.h; sourceTree = "<group>"; };
		CD81FA451946AE81001BE0C2 /* TMDiskCache.m */ = {isa = PBXFileReference; fileEncoding = 4; lastKnownFileType = sourcecode.c.objc; path = TMDiskCache.m; sourceTree = "<group>"; };
		CD81FA461946AE81001BE0C2 /* TMMemoryCache.h */ = {isa = PBXFileReference; fileEncoding = 4; lastKnownFileType = sourcecode.c.h; path = TMMemoryCache.h; sourceTree = "<group>"; };
		CD81FA471946AE81001BE0C2 /* TMMemoryCache.m */ = {isa = PBXFileReference; fileEncoding = 4; lastKnownFileType = sourcecode.c.objc; path = TMMemoryCache.m; sourceTree = "<group>"; };
		CD81FA4B1946B55D001BE0C2 /* NewsGroup.h */ = {isa = PBXFileReference; fileEncoding = 4; lastKnownFileType = sourcecode.c.h; path = NewsGroup.h; sourceTree = "<group>"; };
		CD81FA4C1946B55D001BE0C2 /* NewsGroup.m */ = {isa = PBXFileReference; fileEncoding = 4; lastKnownFileType = sourcecode.c.objc; path = NewsGroup.m; sourceTree = "<group>"; };
		CD81FA4E1946B56D001BE0C2 /* NewsProvider.h */ = {isa = PBXFileReference; fileEncoding = 4; lastKnownFileType = sourcecode.c.h; path = NewsProvider.h; sourceTree = "<group>"; };
		CD81FA4F1946B56D001BE0C2 /* NewsProvider.m */ = {isa = PBXFileReference; fileEncoding = 4; lastKnownFileType = sourcecode.c.objc; path = NewsProvider.m; sourceTree = "<group>"; };
		CD8887941946E4F0001BAB1A /* NewsGroupListViewController.h */ = {isa = PBXFileReference; fileEncoding = 4; lastKnownFileType = sourcecode.c.h; path = NewsGroupListViewController.h; sourceTree = "<group>"; };
		CD8887951946E4F0001BAB1A /* NewsGroupListViewController.m */ = {isa = PBXFileReference; fileEncoding = 4; lastKnownFileType = sourcecode.c.objc; path = NewsGroupListViewController.m; sourceTree = "<group>"; };
/* End PBXFileReference section */

/* Begin PBXFrameworksBuildPhase section */
		698B0F30186553AE0090C719 /* Frameworks */ = {
			isa = PBXFrameworksBuildPhase;
			buildActionMask = 2147483647;
			files = (
				694BF3D3188637BB00243D51 /* libz.dylib in Frameworks */,
				694BF3D1188637AF00243D51 /* libstdc++.dylib in Frameworks */,
				694BF3CF188637A400243D51 /* CoreTelephony.framework in Frameworks */,
				694BF3CD1886379900243D51 /* libsqlite3.dylib in Frameworks */,
				694BF3CB1886378C00243D51 /* SystemConfiguration.framework in Frameworks */,
				694BF3C91886377E00243D51 /* libiconv.dylib in Frameworks */,
				694BF3C71886376700243D51 /* Security.framework in Frameworks */,
				698B0F39186553AE0090C719 /* CoreGraphics.framework in Frameworks */,
				698B0F3B186553AE0090C719 /* UIKit.framework in Frameworks */,
				698B0F37186553AE0090C719 /* Foundation.framework in Frameworks */,
			);
			runOnlyForDeploymentPostprocessing = 0;
		};
		698B0F51186553AE0090C719 /* Frameworks */ = {
			isa = PBXFrameworksBuildPhase;
			buildActionMask = 2147483647;
			files = (
				698B0F56186553AE0090C719 /* XCTest.framework in Frameworks */,
				698B0F58186553AE0090C719 /* UIKit.framework in Frameworks */,
				698B0F57186553AE0090C719 /* Foundation.framework in Frameworks */,
			);
			runOnlyForDeploymentPostprocessing = 0;
		};
/* End PBXFrameworksBuildPhase section */

/* Begin PBXGroup section */
		698B0F2A186553AD0090C719 = {
			isa = PBXGroup;
			children = (
				698B0F3C186553AE0090C719 /* GZRSKS */,
				698B0F35186553AE0090C719 /* Frameworks */,
				698B0F34186553AE0090C719 /* Products */,
			);
			sourceTree = "<group>";
		};
		698B0F34186553AE0090C719 /* Products */ = {
			isa = PBXGroup;
			children = (
				698B0F33186553AE0090C719 /* 贵州人事考试.app */,
				698B0F54186553AE0090C719 /* GZRSKSTests.xctest */,
			);
			name = Products;
			sourceTree = "<group>";
		};
		698B0F35186553AE0090C719 /* Frameworks */ = {
			isa = PBXGroup;
			children = (
				CD81FA401946AD7F001BE0C2 /* ExternalLib */,
				694BF3D2188637BB00243D51 /* libz.dylib */,
				694BF3D0188637AF00243D51 /* libstdc++.dylib */,
				694BF3CE188637A400243D51 /* CoreTelephony.framework */,
				694BF3CC1886379900243D51 /* libsqlite3.dylib */,
				694BF3CA1886378C00243D51 /* SystemConfiguration.framework */,
				694BF3C81886377E00243D51 /* libiconv.dylib */,
				694BF3C61886376700243D51 /* Security.framework */,
				698B0F36186553AE0090C719 /* Foundation.framework */,
				698B0F38186553AE0090C719 /* CoreGraphics.framework */,
				698B0F3A186553AE0090C719 /* UIKit.framework */,
				698B0F55186553AE0090C719 /* XCTest.framework */,
			);
			name = Frameworks;
			sourceTree = "<group>";
		};
		698B0F3C186553AE0090C719 /* GZRSKS */ = {
			isa = PBXGroup;
			children = (
				698B0F6E186554150090C719 /* Utils */,
				698B0F9B186554E90090C719 /* Models */,
				698B0F6C186553CE0090C719 /* Views */,
				698B0F6B186553C30090C719 /* Controller */,
				698B0F3D186553AE0090C719 /* Supporting Files */,
				698B0F4E186553AE0090C719 /* Images.xcassets */,
			);
			path = GZRSKS;
			sourceTree = "<group>";
		};
		698B0F3D186553AE0090C719 /* Supporting Files */ = {
			isa = PBXGroup;
			children = (
				698B0FAD186555420090C719 /* AppDelegate.h */,
				698B0FAE186555420090C719 /* AppDelegate.m */,
				698B0F3E186553AE0090C719 /* GZRSKS-Info.plist */,
				698B0F3F186553AE0090C719 /* InfoPlist.strings */,
				698B0F42186553AE0090C719 /* main.m */,
				698B0F44186553AE0090C719 /* GZRSKS-Prefix.pch */,
			);
			name = "Supporting Files";
			sourceTree = "<group>";
		};
		698B0F6B186553C30090C719 /* Controller */ = {
			isa = PBXGroup;
			children = (
				CD8887941946E4F0001BAB1A /* NewsGroupListViewController.h */,
				CD8887951946E4F0001BAB1A /* NewsGroupListViewController.m */,
				6966BB0D18869311007B5DE0 /* FavoriteNewsVC.h */,
				6966BB0E18869311007B5DE0 /* FavoriteNewsVC.m */,
				6966BB0F18869311007B5DE0 /* FavoriteNewsVC.xib */,
				69CDAEDE1884E9CA00B65984 /* NewsContentVC.h */,
				69CDAEDF1884E9CA00B65984 /* NewsContentVC.m */,
				69CDAEE01884E9CA00B65984 /* NewsContentVC.xib */,
				69A70E701887DFE5006D05FA /* DocViewerVC.h */,
				69A70E711887DFE5006D05FA /* DocViewerVC.m */,
				69A70E721887DFE5006D05FA /* DocViewerVC.xib */,
			);
			name = Controller;
			sourceTree = "<group>";
		};
		698B0F6C186553CE0090C719 /* Views */ = {
			isa = PBXGroup;
			children = (
				6980EFBD1866CCB4002AEFF6 /* NewsGroupListHeaderView.h */,
				6980EFBE1866CCB4002AEFF6 /* NewsGroupListHeaderView.m */,
			);
			name = Views;
			sourceTree = "<group>";
		};
		698B0F6E186554150090C719 /* Utils */ = {
			isa = PBXGroup;
			children = (
				698B0FB3186555FC0090C719 /* Config.h */,
				698B0FB4186555FC0090C719 /* Config.m */,
				697434CA18686DAC00A6A49A /* UIScreen+Size.h */,
				697434CB18686DAC00A6A49A /* UIScreen+Size.m */,
				69B5FC7F18861E560048C06A /* UIColor+HexString.h */,
				69B5FC8018861E560048C06A /* UIColor+HexString.m */,
				694BF38D1886232D00243D51 /* MessageBox.h */,
				694BF38E1886232D00243D51 /* MessageBox.m */,
				69A70E6D1887D422006D05FA /* DocTypeDetector.h */,
				69A70E6E1887D422006D05FA /* DocTypeDetector.m */,
				698C6FC6188E26F600935D60 /* HaveReadNews.h */,
				698C6FC7188E26F600935D60 /* HaveReadNews.m */,
			);
			name = Utils;
			sourceTree = "<group>";
		};
		698B0F9B186554E90090C719 /* Models */ = {
			isa = PBXGroup;
			children = (
				698B0F9C186555110090C719 /* NetAPI.h */,
				698B0F9D186555110090C719 /* NetAPI.m */,
				698B0F9F186555200090C719 /* News.h */,
				698B0FA0186555200090C719 /* News.m */,
				CD81FA4B1946B55D001BE0C2 /* NewsGroup.h */,
				CD81FA4C1946B55D001BE0C2 /* NewsGroup.m */,
				CD81FA4E1946B56D001BE0C2 /* NewsProvider.h */,
				CD81FA4F1946B56D001BE0C2 /* NewsProvider.m */,
			);
			name = Models;
			sourceTree = "<group>";
		};
		CD81FA401946AD7F001BE0C2 /* ExternalLib */ = {
			isa = PBXGroup;
			children = (
				CD81FA411946AE81001BE0C2 /* TMCache */,
			);
			name = ExternalLib;
			sourceTree = "<group>";
		};
		CD81FA411946AE81001BE0C2 /* TMCache */ = {
			isa = PBXGroup;
			children = (
				CD81FA421946AE81001BE0C2 /* TMCache.h */,
				CD81FA431946AE81001BE0C2 /* TMCache.m */,
				CD81FA441946AE81001BE0C2 /* TMDiskCache.h */,
				CD81FA451946AE81001BE0C2 /* TMDiskCache.m */,
				CD81FA461946AE81001BE0C2 /* TMMemoryCache.h */,
				CD81FA471946AE81001BE0C2 /* TMMemoryCache.m */,
			);
			path = TMCache;
			sourceTree = "<group>";
		};
/* End PBXGroup section */

/* Begin PBXNativeTarget section */
		698B0F32186553AE0090C719 /* GZRSKS */ = {
			isa = PBXNativeTarget;
			buildConfigurationList = 698B0F65186553AE0090C719 /* Build configuration list for PBXNativeTarget "GZRSKS" */;
			buildPhases = (
				698B0F2F186553AE0090C719 /* Sources */,
				698B0F30186553AE0090C719 /* Frameworks */,
				698B0F31186553AE0090C719 /* Resources */,
			);
			buildRules = (
			);
			dependencies = (
			);
			name = GZRSKS;
			productName = GZRSKS;
			productReference = 698B0F33186553AE0090C719 /* 贵州人事考试.app */;
			productType = "com.apple.product-type.application";
		};
		698B0F53186553AE0090C719 /* GZRSKSTests */ = {
			isa = PBXNativeTarget;
			buildConfigurationList = 698B0F68186553AE0090C719 /* Build configuration list for PBXNativeTarget "GZRSKSTests" */;
			buildPhases = (
				698B0F50186553AE0090C719 /* Sources */,
				698B0F51186553AE0090C719 /* Frameworks */,
				698B0F52186553AE0090C719 /* Resources */,
			);
			buildRules = (
			);
			dependencies = (
				698B0F5A186553AE0090C719 /* PBXTargetDependency */,
			);
			name = GZRSKSTests;
			productName = GZRSKSTests;
			productReference = 698B0F54186553AE0090C719 /* GZRSKSTests.xctest */;
			productType = "com.apple.product-type.bundle.unit-test";
		};
/* End PBXNativeTarget section */

/* Begin PBXProject section */
		698B0F2B186553AD0090C719 /* Project object */ = {
			isa = PBXProject;
			attributes = {
				LastUpgradeCheck = 0510;
				ORGANIZATIONNAME = "李红(410139419@qq.com)";
				TargetAttributes = {
					698B0F32186553AE0090C719 = {
						DevelopmentTeam = 3X2N2BLT84;
					};
					698B0F53186553AE0090C719 = {
						TestTargetID = 698B0F32186553AE0090C719;
					};
				};
			};
			buildConfigurationList = 698B0F2E186553AD0090C719 /* Build configuration list for PBXProject "GZRSKS" */;
			compatibilityVersion = "Xcode 3.2";
			developmentRegion = English;
			hasScannedForEncodings = 0;
			knownRegions = (
				en,
				Base,
				"zh-Hans",
			);
			mainGroup = 698B0F2A186553AD0090C719;
			productRefGroup = 698B0F34186553AE0090C719 /* Products */;
			projectDirPath = "";
			projectRoot = "";
			targets = (
				698B0F32186553AE0090C719 /* GZRSKS */,
				698B0F53186553AE0090C719 /* GZRSKSTests */,
			);
		};
/* End PBXProject section */

/* Begin PBXResourcesBuildPhase section */
		698B0F31186553AE0090C719 /* Resources */ = {
			isa = PBXResourcesBuildPhase;
			buildActionMask = 2147483647;
			files = (
				69A70E741887DFE5006D05FA /* DocViewerVC.xib in Resources */,
				698B0F4F186553AE0090C719 /* Images.xcassets in Resources */,
				698B0F41186553AE0090C719 /* InfoPlist.strings in Resources */,
				6966BB1118869311007B5DE0 /* FavoriteNewsVC.xib in Resources */,
				69CDAEE21884E9CA00B65984 /* NewsContentVC.xib in Resources */,
			);
			runOnlyForDeploymentPostprocessing = 0;
		};
		698B0F52186553AE0090C719 /* Resources */ = {
			isa = PBXResourcesBuildPhase;
			buildActionMask = 2147483647;
			files = (
			);
			runOnlyForDeploymentPostprocessing = 0;
		};
/* End PBXResourcesBuildPhase section */

/* Begin PBXSourcesBuildPhase section */
		698B0F2F186553AE0090C719 /* Sources */ = {
			isa = PBXSourcesBuildPhase;
			buildActionMask = 2147483647;
			files = (
				698B0FAF186555420090C719 /* AppDelegate.m in Sources */,
				CD81FA4D1946B55D001BE0C2 /* NewsGroup.m in Sources */,
				CD81FA491946AE81001BE0C2 /* TMDiskCache.m in Sources */,
				69A70E6F1887D422006D05FA /* DocTypeDetector.m in Sources */,
				CD81FA501946B56D001BE0C2 /* NewsProvider.m in Sources */,
				CD81FA481946AE81001BE0C2 /* TMCache.m in Sources */,
				6966BB1018869311007B5DE0 /* FavoriteNewsVC.m in Sources */,
				697434CC18686DAC00A6A49A /* UIScreen+Size.m in Sources */,
				698B0FB5186555FC0090C719 /* Config.m in Sources */,
				698C6FC8188E26F600935D60 /* HaveReadNews.m in Sources */,
				698B0F9E186555110090C719 /* NetAPI.m in Sources */,
				69A70E731887DFE5006D05FA /* DocViewerVC.m in Sources */,
				698B0FA3186555200090C719 /* News.m in Sources */,
				CD8887961946E4F0001BAB1A /* NewsGroupListViewController.m in Sources */,
				694BF38F1886232D00243D51 /* MessageBox.m in Sources */,
				698B0F43186553AE0090C719 /* main.m in Sources */,
				6980EFBF1866CCB4002AEFF6 /* NewsGroupListHeaderView.m in Sources */,
				CD81FA4A1946AE81001BE0C2 /* TMMemoryCache.m in Sources */,
				69B5FC8118861E560048C06A /* UIColor+HexString.m in Sources */,
				69CDAEE11884E9CA00B65984 /* NewsContentVC.m in Sources */,
			);
			runOnlyForDeploymentPostprocessing = 0;
		};
		698B0F50186553AE0090C719 /* Sources */ = {
			isa = PBXSourcesBuildPhase;
			buildActionMask = 2147483647;
			files = (
			);
			runOnlyForDeploymentPostprocessing = 0;
		};
/* End PBXSourcesBuildPhase section */

/* Begin PBXTargetDependency section */
		698B0F5A186553AE0090C719 /* PBXTargetDependency */ = {
			isa = PBXTargetDependency;
			target = 698B0F32186553AE0090C719 /* GZRSKS */;
			targetProxy = 698B0F59186553AE0090C719 /* PBXContainerItemProxy */;
		};
/* End PBXTargetDependency section */

/* Begin PBXVariantGroup section */
		698B0F3F186553AE0090C719 /* InfoPlist.strings */ = {
			isa = PBXVariantGroup;
			children = (
				698B0F40186553AE0090C719 /* en */,
			);
			name = InfoPlist.strings;
			sourceTree = "<group>";
		};
/* End PBXVariantGroup section */

/* Begin XCBuildConfiguration section */
		698B0F63186553AE0090C719 /* Debug */ = {
			isa = XCBuildConfiguration;
			buildSettings = {
				ALWAYS_SEARCH_USER_PATHS = NO;
				CLANG_CXX_LANGUAGE_STANDARD = "gnu++0x";
				CLANG_CXX_LIBRARY = "libc++";
				CLANG_ENABLE_MODULES = YES;
				CLANG_ENABLE_OBJC_ARC = YES;
				CLANG_WARN_BOOL_CONVERSION = YES;
				CLANG_WARN_CONSTANT_CONVERSION = YES;
				CLANG_WARN_DIRECT_OBJC_ISA_USAGE = YES_ERROR;
				CLANG_WARN_EMPTY_BODY = YES;
				CLANG_WARN_ENUM_CONVERSION = YES;
				CLANG_WARN_INT_CONVERSION = YES;
				CLANG_WARN_OBJC_ROOT_CLASS = YES_ERROR;
				CLANG_WARN__DUPLICATE_METHOD_MATCH = YES;
				"CODE_SIGN_IDENTITY[sdk=iphoneos*]" = "iPhone Developer";
				COPY_PHASE_STRIP = NO;
				GCC_C_LANGUAGE_STANDARD = gnu99;
				GCC_DYNAMIC_NO_PIC = NO;
				GCC_OPTIMIZATION_LEVEL = 0;
				GCC_PREPROCESSOR_DEFINITIONS = (
					"DEBUG=1",
					"$(inherited)",
				);
				GCC_SYMBOLS_PRIVATE_EXTERN = NO;
				GCC_WARN_64_TO_32_BIT_CONVERSION = YES;
				GCC_WARN_ABOUT_RETURN_TYPE = YES_ERROR;
				GCC_WARN_UNDECLARED_SELECTOR = YES;
				GCC_WARN_UNINITIALIZED_AUTOS = YES;
				GCC_WARN_UNUSED_FUNCTION = YES;
				GCC_WARN_UNUSED_VARIABLE = YES;
				IPHONEOS_DEPLOYMENT_TARGET = 7.0;
				ONLY_ACTIVE_ARCH = YES;
				PROVISIONING_PROFILE = "";
				SDKROOT = iphoneos;
			};
			name = Debug;
		};
		698B0F64186553AE0090C719 /* Release */ = {
			isa = XCBuildConfiguration;
			buildSettings = {
				ALWAYS_SEARCH_USER_PATHS = NO;
				CLANG_CXX_LANGUAGE_STANDARD = "gnu++0x";
				CLANG_CXX_LIBRARY = "libc++";
				CLANG_ENABLE_MODULES = YES;
				CLANG_ENABLE_OBJC_ARC = YES;
				CLANG_WARN_BOOL_CONVERSION = YES;
				CLANG_WARN_CONSTANT_CONVERSION = YES;
				CLANG_WARN_DIRECT_OBJC_ISA_USAGE = YES_ERROR;
				CLANG_WARN_EMPTY_BODY = YES;
				CLANG_WARN_ENUM_CONVERSION = YES;
				CLANG_WARN_INT_CONVERSION = YES;
				CLANG_WARN_OBJC_ROOT_CLASS = YES_ERROR;
				CLANG_WARN__DUPLICATE_METHOD_MATCH = YES;
				"CODE_SIGN_IDENTITY[sdk=iphoneos*]" = "iPhone Developer";
				COPY_PHASE_STRIP = YES;
				ENABLE_NS_ASSERTIONS = NO;
				GCC_C_LANGUAGE_STANDARD = gnu99;
				GCC_WARN_64_TO_32_BIT_CONVERSION = YES;
				GCC_WARN_ABOUT_RETURN_TYPE = YES_ERROR;
				GCC_WARN_UNDECLARED_SELECTOR = YES;
				GCC_WARN_UNINITIALIZED_AUTOS = YES;
				GCC_WARN_UNUSED_FUNCTION = YES;
				GCC_WARN_UNUSED_VARIABLE = YES;
				IPHONEOS_DEPLOYMENT_TARGET = 7.0;
				PROVISIONING_PROFILE = "";
				SDKROOT = iphoneos;
				VALIDATE_PRODUCT = YES;
			};
			name = Release;
		};
		698B0F66186553AE0090C719 /* Debug */ = {
			isa = XCBuildConfiguration;
			buildSettings = {
				ASSETCATALOG_COMPILER_APPICON_NAME = AppIcon;
				ASSETCATALOG_COMPILER_LAUNCHIMAGE_NAME = LaunchImage;
				CODE_SIGN_IDENTITY = "iPhone Developer";
				"CODE_SIGN_IDENTITY[sdk=iphoneos*]" = "iPhone Developer";
				FRAMEWORK_SEARCH_PATHS = "$(inherited)";
				GCC_PRECOMPILE_PREFIX_HEADER = YES;
				GCC_PREFIX_HEADER = "GZRSKS/GZRSKS-Prefix.pch";
				INFOPLIST_FILE = "GZRSKS/GZRSKS-Info.plist";
				LIBRARY_SEARCH_PATHS = (
					"$(inherited)",
					/Users/lt/IOS/gzrsks/GZRSKS,
				);
				PRODUCT_NAME = "贵州人事考试";
				PROVISIONING_PROFILE = "";
				WRAPPER_EXTENSION = app;
			};
			name = Debug;
		};
		698B0F67186553AE0090C719 /* Release */ = {
			isa = XCBuildConfiguration;
			buildSettings = {
				ASSETCATALOG_COMPILER_APPICON_NAME = AppIcon;
				ASSETCATALOG_COMPILER_LAUNCHIMAGE_NAME = LaunchImage;
				CODE_SIGN_IDENTITY = "iPhone Developer";
				"CODE_SIGN_IDENTITY[sdk=iphoneos*]" = "iPhone Developer";
				FRAMEWORK_SEARCH_PATHS = "$(inherited)";
				GCC_PRECOMPILE_PREFIX_HEADER = YES;
				GCC_PREFIX_HEADER = "GZRSKS/GZRSKS-Prefix.pch";
				INFOPLIST_FILE = "GZRSKS/GZRSKS-Info.plist";
				LIBRARY_SEARCH_PATHS = (
					"$(inherited)",
					/Users/lt/IOS/gzrsks/GZRSKS,
				);
				PRODUCT_NAME = "贵州人事考试";
				PROVISIONING_PROFILE = "";
				WRAPPER_EXTENSION = app;
			};
			name = Release;
		};
		698B0F69186553AE0090C719 /* Debug */ = {
			isa = XCBuildConfiguration;
			buildSettings = {
				BUNDLE_LOADER = "$(BUILT_PRODUCTS_DIR)/GZRSKS.app/GZRSKS";
				FRAMEWORK_SEARCH_PATHS = (
					"$(SDKROOT)/Developer/Library/Frameworks",
					"$(inherited)",
					"$(DEVELOPER_FRAMEWORKS_DIR)",
				);
				GCC_PRECOMPILE_PREFIX_HEADER = YES;
				GCC_PREFIX_HEADER = "GZRSKS/GZRSKS-Prefix.pch";
				GCC_PREPROCESSOR_DEFINITIONS = (
					"DEBUG=1",
					"$(inherited)",
				);
				INFOPLIST_FILE = "GZRSKSTests/GZRSKSTests-Info.plist";
				PRODUCT_NAME = "$(TARGET_NAME)";
				TEST_HOST = "$(BUNDLE_LOADER)";
				WRAPPER_EXTENSION = xctest;
			};
			name = Debug;
		};
		698B0F6A186553AE0090C719 /* Release */ = {
			isa = XCBuildConfiguration;
			buildSettings = {
				BUNDLE_LOADER = "$(BUILT_PRODUCTS_DIR)/GZRSKS.app/GZRSKS";
				FRAMEWORK_SEARCH_PATHS = (
					"$(SDKROOT)/Developer/Library/Frameworks",
					"$(inherited)",
					"$(DEVELOPER_FRAMEWORKS_DIR)",
				);
				GCC_PRECOMPILE_PREFIX_HEADER = YES;
				GCC_PREFIX_HEADER = "GZRSKS/GZRSKS-Prefix.pch";
				INFOPLIST_FILE = "GZRSKSTests/GZRSKSTests-Info.plist";
				PRODUCT_NAME = "$(TARGET_NAME)";
				TEST_HOST = "$(BUNDLE_LOADER)";
				WRAPPER_EXTENSION = xctest;
			};
			name = Release;
		};
/* End XCBuildConfiguration section */

/* Begin XCConfigurationList section */
		698B0F2E186553AD0090C719 /* Build configuration list for PBXProject "GZRSKS" */ = {
			isa = XCConfigurationList;
			buildConfigurations = (
				698B0F63186553AE0090C719 /* Debug */,
				698B0F64186553AE0090C719 /* Release */,
			);
			defaultConfigurationIsVisible = 0;
			defaultConfigurationName = Release;
		};
		698B0F65186553AE0090C719 /* Build configuration list for PBXNativeTarget "GZRSKS" */ = {
			isa = XCConfigurationList;
			buildConfigurations = (
				698B0F66186553AE0090C719 /* Debug */,
				698B0F67186553AE0090C719 /* Release */,
			);
			defaultConfigurationIsVisible = 0;
			defaultConfigurationName = Release;
		};
		698B0F68186553AE0090C719 /* Build configuration list for PBXNativeTarget "GZRSKSTests" */ = {
			isa = XCConfigurationList;
			buildConfigurations = (
				698B0F69186553AE0090C719 /* Debug */,
				698B0F6A186553AE0090C719 /* Release */,
			);
			defaultConfigurationIsVisible = 0;
			defaultConfigurationName = Release;
		};
/* End XCConfigurationList section */
	};
	rootObject = 698B0F2B186553AD0090C719 /* Project object */;
}
